lockfileVersion: '9.0'

settings:
  autoInstallPeers: true
  excludeLinksFromLockfile: false

importers:

  .:
    devDependencies:
      echarts:
        specifier: ^5.5.0
        version: 5.5.0
      lodash:
        specifier: ^4.17.21
        version: 4.17.21
      preact:
        specifier: ^10.22.0
        version: 10.22.0

packages:

  echarts@5.5.0:
    resolution: {integrity: sha512-rNYnNCzqDAPCr4m/fqyUFv7fD9qIsd50S6GDFgO1DxZhncCsNsG7IfUlAlvZe5oSEQxtsjnHiUuppzccry93Xw==}

  lodash@4.17.21:
    resolution: {integrity: sha512-v2kDEe57lecTulaDIuNTPy3Ry4gLGJ6Z1O3vE1krgXZNrsQ+LFTGHVxVjcXPs17LhbZVGedAJv8XZ1tvj5FvSg==}

  preact@10.22.0:
    resolution: {integrity: sha512-RRurnSjJPj4rp5K6XoP45Ui33ncb7e4H7WiOHVpjbkvqvA3U+N8Z6Qbo0AE6leGYBV66n8EhEaFixvIu3SkxFw==}

  tslib@2.3.0:
    resolution: {integrity: sha512-N82ooyxVNm6h1riLCoyS9e3fuJ3AMG2zIZs2Gd1ATcSFjSA23Q0fzjjZeh0jbJvWVDZ0cJT8yaNNaaXHzueNjg==}

  zrender@5.5.0:
    resolution: {integrity: sha512-O3MilSi/9mwoovx77m6ROZM7sXShR/O/JIanvzTwjN3FORfLSr81PsUGd7jlaYOeds9d8tw82oP44+3YucVo+w==}

snapshots:

  echarts@5.5.0:
    dependencies:
      tslib: 2.3.0
      zrender: 5.5.0

  lodash@4.17.21: {}

  preact@10.22.0: {}

  tslib@2.3.0: {}

  zrender@5.5.0:
    dependencies:
      tslib: 2.3.0
